
Microsoft Visual Studio Solution File, Format Version 12.00
# Visual Studio Version 17
VisualStudioVersion = 17.0.32112.339
MinimumVisualStudioVersion = 10.0.40219.1
Project("{FAE04EC0-301F-11D3-BF4B-00C04F79EFBC}") = "SnakeAndLadder", "SnakeAndLadder.csproj", "{14CF53BF-6A36-4F79-AC21-163A45C6219C}"
EndProject
Global
	GlobalSection(SolutionConfigurationPlatforms) = preSolution
		Debug|Any CPU = Debug|Any CPU
		Release|Any CPU = Release|Any CPU
	EndGlobalSection
	GlobalSection(ProjectConfigurationPlatforms) = postSolution
		{14CF53BF-6A36-4F79-AC21-163A45C6219C}.Debug|Any CPU.ActiveCfg = Debug|Any CPU
		{14CF53BF-6A36-4F79-AC21-163A45C6219C}.Debug|Any CPU.Build.0 = Debug|Any CPU
		{14CF53BF-6A36-4F79-AC21-163A45C6219C}.Release|Any CPU.ActiveCfg = Release|Any CPU
		{14CF53BF-6A36-4F79-AC21-163A45C6219C}.Release|Any CPU.Build.0 = Release|Any CPU
	EndGlobalSection
	GlobalSection(SolutionProperties) = preSolution
		HideSolutionNode = FALSE
	EndGlobalSection
	GlobalSection(ExtensibilityGlobals) = postSolution
		SolutionGuid = {DFB1E0E7-5363-4982-ADD8-15EB3E80355B}
	EndGlobalSection
EndGlobal
